
Microsoft Visual Studio Solution File, Format Version 12.00
# Visual Studio Version 17
VisualStudioVersion = 17.7.34031.279
MinimumVisualStudioVersion = 10.0.40219.1
Project("{8BC9CEB8-8B4A-11D0-8D11-00A0C91BC942}") = "EKG_CODE_NEW", "EKG_CODE_NEW.vcxproj", "{1E1D5B90-06BE-46D5-B173-168F21342C9A}"
EndProject
Global
	GlobalSection(SolutionConfigurationPlatforms) = preSolution
		Debug|ARM = Debug|ARM
		Debug|ARM64 = Debug|ARM64
		Release|ARM = Release|ARM
		Release|ARM64 = Release|ARM64
	EndGlobalSection
	GlobalSection(ProjectConfigurationPlatforms) = postSolution
		{1E1D5B90-06BE-46D5-B173-168F21342C9A}.Debug|ARM.ActiveCfg = Debug|ARM
		{1E1D5B90-06BE-46D5-B173-168F21342C9A}.Debug|ARM.Build.0 = Debug|ARM
		{1E1D5B90-06BE-46D5-B173-168F21342C9A}.Debug|ARM.Deploy.0 = Debug|ARM
		{1E1D5B90-06BE-46D5-B173-168F21342C9A}.Debug|ARM64.ActiveCfg = Debug|ARM64
		{1E1D5B90-06BE-46D5-B173-168F21342C9A}.Debug|ARM64.Build.0 = Debug|ARM64
		{1E1D5B90-06BE-46D5-B173-168F21342C9A}.Debug|ARM64.Deploy.0 = Debug|ARM64
		{1E1D5B90-06BE-46D5-B173-168F21342C9A}.Release|ARM.ActiveCfg = Release|ARM
		{1E1D5B90-06BE-46D5-B173-168F21342C9A}.Release|ARM.Build.0 = Release|ARM
		{1E1D5B90-06BE-46D5-B173-168F21342C9A}.Release|ARM.Deploy.0 = Release|ARM
		{1E1D5B90-06BE-46D5-B173-168F21342C9A}.Release|ARM64.ActiveCfg = Release|ARM64
		{1E1D5B90-06BE-46D5-B173-168F21342C9A}.Release|ARM64.Build.0 = Release|ARM64
		{1E1D5B90-06BE-46D5-B173-168F21342C9A}.Release|ARM64.Deploy.0 = Release|ARM64
	EndGlobalSection
	GlobalSection(SolutionProperties) = preSolution
		HideSolutionNode = FALSE
	EndGlobalSection
	GlobalSection(ExtensibilityGlobals) = postSolution
		SolutionGuid = {4C80B164-0DD5-4ACF-9B0E-833899EA6131}
	EndGlobalSection
EndGlobal
